// !$*UTF8*$!
{
	archiveVersion = 1;
	classes = {
	};
	objectVersion = 50;
	objects = {

/* Begin PBXBuildFile section */
		236CFD6924AB8F510052EA77 /* AppDelegate.swift in Sources */ = {isa = PBXBuildFile; fileRef = 236CFD6824AB8F510052EA77 /* AppDelegate.swift */; };
		236CFD6B24AB8F510052EA77 /* SceneDelegate.swift in Sources */ = {isa = PBXBuildFile; fileRef = 236CFD6A24AB8F510052EA77 /* SceneDelegate.swift */; };
		236CFD7224AB8F530052EA77 /* Assets.xcassets in Resources */ = {isa = PBXBuildFile; fileRef = 236CFD7124AB8F530052EA77 /* Assets.xcassets */; };
		236CFD7524AB8F530052EA77 /* LaunchScreen.storyboard in Resources */ = {isa = PBXBuildFile; fileRef = 236CFD7324AB8F530052EA77 /* LaunchScreen.storyboard */; };
		236CFD7E24AB90B00052EA77 /* TestDataFactory.swift in Sources */ = {isa = PBXBuildFile; fileRef = 236CFD7C24AB90B00052EA77 /* TestDataFactory.swift */; };
		236CFD7F24AB90B00052EA77 /* UIConstants.swift in Sources */ = {isa = PBXBuildFile; fileRef = 236CFD7D24AB90B00052EA77 /* UIConstants.swift */; };
/* End PBXBuildFile section */

/* Begin PBXFileReference section */
		236CFD6524AB8F510052EA77 /* hiraafood.app */ = {isa = PBXFileReference; explicitFileType = wrapper.application; includeInIndex = 0; path = hiraafood.app; sourceTree = BUILT_PRODUCTS_DIR; };
		236CFD6824AB8F510052EA77 /* AppDelegate.swift */ = {isa = PBXFileReference; lastKnownFileType = sourcecode.swift; path = AppDelegate.swift; sourceTree = "<group>"; };
		236CFD6A24AB8F510052EA77 /* SceneDelegate.swift */ = {isa = PBXFileReference; lastKnownFileType = sourcecode.swift; path = SceneDelegate.swift; sourceTree = "<group>"; };
		236CFD7124AB8F530052EA77 /* Assets.xcassets */ = {isa = PBXFileReference; lastKnownFileType = folder.assetcatalog; path = Assets.xcassets; sourceTree = "<group>"; };
		236CFD7424AB8F530052EA77 /* Base */ = {isa = PBXFileReference; lastKnownFileType = file.storyboard; name = Base; path = Base.lproj/LaunchScreen.storyboard; sourceTree = "<group>"; };
		236CFD7624AB8F530052EA77 /* Info.plist */ = {isa = PBXFileReference; lastKnownFileType = text.plist.xml; path = Info.plist; sourceTree = "<group>"; };
		236CFD7C24AB90B00052EA77 /* TestDataFactory.swift */ = {isa = PBXFileReference; fileEncoding = 4; lastKnownFileType = sourcecode.swift; path = TestDataFactory.swift; sourceTree = "<group>"; };
		236CFD7D24AB90B00052EA77 /* UIConstants.swift */ = {isa = PBXFileReference; fileEncoding = 4; lastKnownFileType = sourcecode.swift; path = UIConstants.swift; sourceTree = "<group>"; };
/* End PBXFileReference section */

/* Begin PBXFrameworksBuildPhase section */
		236CFD6224AB8F510052EA77 /* Frameworks */ = {
			isa = PBXFrameworksBuildPhase;
			buildActionMask = 2147483647;
			files = (
			);
			runOnlyForDeploymentPostprocessing = 0;
		};
/* End PBXFrameworksBuildPhase section */

/* Begin PBXGroup section */
		236CFD5C24AB8F510052EA77 = {
			isa = PBXGroup;
			children = (
				236CFD6724AB8F510052EA77 /* hiraafood */,
				236CFD6624AB8F510052EA77 /* Products */,
			);
			sourceTree = "<group>";
		};
		236CFD6624AB8F510052EA77 /* Products */ = {
			isa = PBXGroup;
			children = (
				236CFD6524AB8F510052EA77 /* hiraafood.app */,
			);
			name = Products;
			sourceTree = "<group>";
		};
		236CFD6724AB8F510052EA77 /* hiraafood */ = {
			isa = PBXGroup;
			children = (
				236CFD7C24AB90B00052EA77 /* TestDataFactory.swift */,
				236CFD7D24AB90B00052EA77 /* UIConstants.swift */,
				236CFD6824AB8F510052EA77 /* AppDelegate.swift */,
				236CFD6A24AB8F510052EA77 /* SceneDelegate.swift */,
				236CFD7124AB8F530052EA77 /* Assets.xcassets */,
				236CFD7324AB8F530052EA77 /* LaunchScreen.storyboard */,
				236CFD7624AB8F530052EA77 /* Info.plist */,
			);
			path = hiraafood;
			sourceTree = "<group>";
		};
/* End PBXGroup section */

/* Begin PBXNativeTarget section */
		236CFD6424AB8F510052EA77 /* hiraafood */ = {
			isa = PBXNativeTarget;
			buildConfigurationList = 236CFD7924AB8F530052EA77 /* Build configuration list for PBXNativeTarget "hiraafood" */;
			buildPhases = (
				236CFD6124AB8F510052EA77 /* Sources */,
				236CFD6224AB8F510052EA77 /* Frameworks */,
				236CFD6324AB8F510052EA77 /* Resources */,
			);
			buildRules = (
			);
			dependencies = (
			);
			name = hiraafood;
			productName = hiraafood;
			productReference = 236CFD6524AB8F510052EA77 /* hiraafood.app */;
			productType = "com.apple.product-type.application";
		};
/* End PBXNativeTarget section */

/* Begin PBXProject section */
		236CFD5D24AB8F510052EA77 /* Project object */ = {
			isa = PBXProject;
			attributes = {
				LastSwiftUpdateCheck = 1150;
				LastUpgradeCheck = 1150;
				ORGANIZATIONNAME = "Digital Artisan";
				TargetAttributes = {
					236CFD6424AB8F510052EA77 = {
						CreatedOnToolsVersion = 11.5;
					};
				};
			};
			buildConfigurationList = 236CFD6024AB8F510052EA77 /* Build configuration list for PBXProject "hiraafood" */;
			compatibilityVersion = "Xcode 9.3";
			developmentRegion = en;
			hasScannedForEncodings = 0;
			knownRegions = (
				en,
				Base,
			);
			mainGroup = 236CFD5C24AB8F510052EA77;
			productRefGroup = 236CFD6624AB8F510052EA77 /* Products */;
			projectDirPath = "";
			projectRoot = "";
			targets = (
				236CFD6424AB8F510052EA77 /* hiraafood */,
			);
		};
/* End PBXProject section */

/* Begin PBXResourcesBuildPhase section */
		236CFD6324AB8F510052EA77 /* Resources */ = {
			isa = PBXResourcesBuildPhase;
			buildActionMask = 2147483647;
			files = (
				236CFD7524AB8F530052EA77 /* LaunchScreen.storyboard in Resources */,
				236CFD7224AB8F530052EA77 /* Assets.xcassets in Resources */,
			);
			runOnlyForDeploymentPostprocessing = 0;
		};
/* End PBXResourcesBuildPhase section */

/* Begin PBXSourcesBuildPhase section */
		236CFD6124AB8F510052EA77 /* Sources */ = {
			isa = PBXSourcesBuildPhase;
			buildActionMask = 2147483647;
			files = (
				236CFD6924AB8F510052EA77 /* AppDelegate.swift in Sources */,
				236CFD6B24AB8F510052EA77 /* SceneDelegate.swift in Sources */,
				236CFD7E24AB90B00052EA77 /* TestDataFactory.swift in Sources */,
				236CFD7F24AB90B00052EA77 /* UIConstants.swift in Sources */,
			);
			runOnlyForDeploymentPostprocessing = 0;
		};
/* End PBXSourcesBuildPhase section */

/* Begin PBXVariantGroup section */
		236CFD7324AB8F530052EA77 /* LaunchScreen.storyboard */ = {
			isa = PBXVariantGroup;
			children = (
				236CFD7424AB8F530052EA77 /* Base */,
			);
			name = LaunchScreen.storyboard;
			sourceTree = "<group>";
		};
/* End PBXVariantGroup section */

/* Begin XCBuildConfiguration section */
		236CFD7724AB8F530052EA77 /* Debug */ = {
			isa = XCBuildConfiguration;
			buildSettings = {
				ALWAYS_SEARCH_USER_PATHS = NO;
				CLANG_ANALYZER_NONNULL = YES;
				CLANG_ANALYZER_NUMBER_OBJECT_CONVERSION = YES_AGGRESSIVE;
				CLANG_CXX_LANGUAGE_STANDARD = "gnu++14";
				CLANG_CXX_LIBRARY = "libc++";
				CLANG_ENABLE_MODULES = YES;
				CLANG_ENABLE_OBJC_ARC = YES;
				CLANG_ENABLE_OBJC_WEAK = YES;
				CLANG_WARN_BLOCK_CAPTURE_AUTORELEASING = YES;
				CLANG_WARN_BOOL_CONVERSION = YES;
				CLANG_WARN_COMMA = YES;
				CLANG_WARN_CONSTANT_CONVERSION = YES;
				CLANG_WARN_DEPRECATED_OBJC_IMPLEMENTATIONS = YES;
				CLANG_WARN_DIRECT_OBJC_ISA_USAGE = YES_ERROR;
				CLANG_WARN_DOCUMENTATION_COMMENTS = YES;
				CLANG_WARN_EMPTY_BODY = YES;
				CLANG_WARN_ENUM_CONVERSION = YES;
				CLANG_WARN_INFINITE_RECURSION = YES;
				CLANG_WARN_INT_CONVERSION = YES;
				CLANG_WARN_NON_LITERAL_NULL_CONVERSION = YES;
				CLANG_WARN_OBJC_IMPLICIT_RETAIN_SELF = YES;
				CLANG_WARN_OBJC_LITERAL_CONVERSION = YES;
				CLANG_WARN_OBJC_ROOT_CLASS = YES_ERROR;
				CLANG_WARN_RANGE_LOOP_ANALYSIS = YES;
				CLANG_WARN_STRICT_PROTOTYPES = YES;
				CLANG_WARN_SUSPICIOUS_MOVE = YES;
				CLANG_WARN_UNGUARDED_AVAILABILITY = YES_AGGRESSIVE;
				CLANG_WARN_UNREACHABLE_CODE = YES;
				CLANG_WARN__DUPLICATE_METHOD_MATCH = YES;
				COPY_PHASE_STRIP = NO;
				DEBUG_INFORMATION_FORMAT = dwarf;
				ENABLE_STRICT_OBJC_MSGSEND = YES;
				ENABLE_TESTABILITY = YES;
				GCC_C_LANGUAGE_STANDARD = gnu11;
				GCC_DYNAMIC_NO_PIC = NO;
				GCC_NO_COMMON_BLOCKS = YES;
				GCC_OPTIMIZATION_LEVEL = 0;
				GCC_PREPROCESSOR_DEFINITIONS = (
					"DEBUG=1",
					"$(inherited)",
				);
				GCC_WARN_64_TO_32_BIT_CONVERSION = YES;
				GCC_WARN_ABOUT_RETURN_TYPE = YES_ERROR;
				GCC_WARN_UNDECLARED_SELECTOR = YES;
				GCC_WARN_UNINITIALIZED_AUTOS = YES_AGGRESSIVE;
				GCC_WARN_UNUSED_FUNCTION = YES;
				GCC_WARN_UNUSED_VARIABLE = YES;
				IPHONEOS_DEPLOYMENT_TARGET = 13.5;
				MTL_ENABLE_DEBUG_INFO = INCLUDE_SOURCE;
				MTL_FAST_MATH = YES;
				ONLY_ACTIVE_ARCH = YES;
				SDKROOT = iphoneos;
				SWIFT_ACTIVE_COMPILATION_CONDITIONS = DEBUG;
				SWIFT_OPTIMIZATION_LEVEL = "-Onone";
			};
			name = Debug;
		};
		236CFD7824AB8F530052EA77 /* Release */ = {
			isa = XCBuildConfiguration;
			buildSettings = {
				ALWAYS_SEARCH_USER_PATHS = NO;
				CLANG_ANALYZER_NONNULL = YES;
				CLANG_ANALYZER_NUMBER_OBJECT_CONVERSION = YES_AGGRESSIVE;
				CLANG_CXX_LANGUAGE_STANDARD = "gnu++14";
				CLANG_CXX_LIBRARY = "libc++";
				CLANG_ENABLE_MODULES = YES;
				CLANG_ENABLE_OBJC_ARC = YES;
				CLANG_ENABLE_OBJC_WEAK = YES;
				CLANG_WARN_BLOCK_CAPTURE_AUTORELEASING = YES;
				CLANG_WARN_BOOL_CONVERSION = YES;
				CLANG_WARN_COMMA = YES;
				CLANG_WARN_CONSTANT_CONVERSION = YES;
				CLANG_WARN_DEPRECATED_OBJC_IMPLEMENTATIONS = YES;
				CLANG_WARN_DIRECT_OBJC_ISA_USAGE = YES_ERROR;
				CLANG_WARN_DOCUMENTATION_COMMENTS = YES;
				CLANG_WARN_EMPTY_BODY = YES;
				CLANG_WARN_ENUM_CONVERSION = YES;
				CLANG_WARN_INFINITE_RECURSION = YES;
				CLANG_WARN_INT_CONVERSION = YES;
				CLANG_WARN_NON_LITERAL_NULL_CONVERSION = YES;
				CLANG_WARN_OBJC_IMPLICIT_RETAIN_SELF = YES;
				CLANG_WARN_OBJC_LITERAL_CONVERSION = YES;
				CLANG_WARN_OBJC_ROOT_CLASS = YES_ERROR;
				CLANG_WARN_RANGE_LOOP_ANALYSIS = YES;
				CLANG_WARN_STRICT_PROTOTYPES = YES;
				CLANG_WARN_SUSPICIOUS_MOVE = YES;
				CLANG_WARN_UNGUARDED_AVAILABILITY = YES_AGGRESSIVE;
				CLANG_WARN_UNREACHABLE_CODE = YES;
				CLANG_WARN__DUPLICATE_METHOD_MATCH = YES;
				COPY_PHASE_STRIP = NO;
				DEBUG_INFORMATION_FORMAT = "dwarf-with-dsym";
				ENABLE_NS_ASSERTIONS = NO;
				ENABLE_STRICT_OBJC_MSGSEND = YES;
				GCC_C_LANGUAGE_STANDARD = gnu11;
				GCC_NO_COMMON_BLOCKS = YES;
				GCC_WARN_64_TO_32_BIT_CONVERSION = YES;
				GCC_WARN_ABOUT_RETURN_TYPE = YES_ERROR;
				GCC_WARN_UNDECLARED_SELECTOR = YES;
				GCC_WARN_UNINITIALIZED_AUTOS = YES_AGGRESSIVE;
				GCC_WARN_UNUSED_FUNCTION = YES;
				GCC_WARN_UNUSED_VARIABLE = YES;
				IPHONEOS_DEPLOYMENT_TARGET = 13.5;
				MTL_ENABLE_DEBUG_INFO = NO;
				MTL_FAST_MATH = YES;
				SDKROOT = iphoneos;
				SWIFT_COMPILATION_MODE = wholemodule;
				SWIFT_OPTIMIZATION_LEVEL = "-O";
				VALIDATE_PRODUCT = YES;
			};
			name = Release;
		};
		236CFD7A24AB8F530052EA77 /* Debug */ = {
			isa = XCBuildConfiguration;
			buildSettings = {
				ASSETCATALOG_COMPILER_APPICON_NAME = AppIcon;
				CODE_SIGN_STYLE = Automatic;
				DEVELOPMENT_TEAM = 5BP4LR4639;
				INFOPLIST_FILE = hiraafood/Info.plist;
				LD_RUNPATH_SEARCH_PATHS = (
					"$(inherited)",
					"@executable_path/Frameworks",
				);
				PRODUCT_BUNDLE_IDENTIFIER = "digital-artisan.us.hiraafood";
				PRODUCT_NAME = "$(TARGET_NAME)";
				SWIFT_VERSION = 5.0;
				TARGETED_DEVICE_FAMILY = "1,2";
			};
			name = Debug;
		};
		236CFD7B24AB8F530052EA77 /* Release */ = {
			isa = XCBuildConfiguration;
			buildSettings = {
				ASSETCATALOG_COMPILER_APPICON_NAME = AppIcon;
				CODE_SIGN_STYLE = Automatic;
				DEVELOPMENT_TEAM = 5BP4LR4639;
				INFOPLIST_FILE = hiraafood/Info.plist;
				LD_RUNPATH_SEARCH_PATHS = (
					"$(inherited)",
					"@executable_path/Frameworks",
				);
				PRODUCT_BUNDLE_IDENTIFIER = "digital-artisan.us.hiraafood";
				PRODUCT_NAME = "$(TARGET_NAME)";
				SWIFT_VERSION = 5.0;
				TARGETED_DEVICE_FAMILY = "1,2";
			};
			name = Release;
		};
/* End XCBuildConfiguration section */

/* Begin XCConfigurationList section */
		236CFD6024AB8F510052EA77 /* Build configuration list for PBXProject "hiraafood" */ = {
			isa = XCConfigurationList;
			buildConfigurations = (
				236CFD7724AB8F530052EA77 /* Debug */,
				236CFD7824AB8F530052EA77 /* Release */,
			);
			defaultConfigurationIsVisible = 0;
			defaultConfigurationName = Release;
		};
		236CFD7924AB8F530052EA77 /* Build configuration list for PBXNativeTarget "hiraafood" */ = {
			isa = XCConfigurationList;
			buildConfigurations = (
				236CFD7A24AB8F530052EA77 /* Debug */,
				236CFD7B24AB8F530052EA77 /* Release */,
			);
			defaultConfigurationIsVisible = 0;
			defaultConfigurationName = Release;
		};
/* End XCConfigurationList section */
	};
	rootObject = 236CFD5D24AB8F510052EA77 /* Project object */;
}
