// !$*UTF8*$!
{
	archiveVersion = 1;
	classes = {
	};
	objectVersion = 50;
	objects = {

/* Begin PBXBuildFile section */
		236CFD6924AB8F510052EA77 /* AppDelegate.swift in Sources */ = {isa = PBXBuildFile; fileRef = 236CFD6824AB8F510052EA77 /* AppDelegate.swift */; };
		236CFD6B24AB8F510052EA77 /* SceneDelegate.swift in Sources */ = {isa = PBXBuildFile; fileRef = 236CFD6A24AB8F510052EA77 /* SceneDelegate.swift */; };
		236CFD7224AB8F530052EA77 /* Assets.xcassets in Resources */ = {isa = PBXBuildFile; fileRef = 236CFD7124AB8F530052EA77 /* Assets.xcassets */; };
		236CFD7524AB8F530052EA77 /* LaunchScreen.storyboard in Resources */ = {isa = PBXBuildFile; fileRef = 236CFD7324AB8F530052EA77 /* LaunchScreen.storyboard */; };
		236CFD7E24AB90B00052EA77 /* TestDataFactory.swift in Sources */ = {isa = PBXBuildFile; fileRef = 236CFD7C24AB90B00052EA77 /* TestDataFactory.swift */; };
		236CFD7F24AB90B00052EA77 /* UIConstants.swift in Sources */ = {isa = PBXBuildFile; fileRef = 236CFD7D24AB90B00052EA77 /* UIConstants.swift */; };
		236CFD8524AB96390052EA77 /* OrderPageController.swift in Sources */ = {isa = PBXBuildFile; fileRef = 236CFD8124AB96390052EA77 /* OrderPageController.swift */; };
		236CFD8624AB96390052EA77 /* OrderItemController.swift in Sources */ = {isa = PBXBuildFile; fileRef = 236CFD8224AB96390052EA77 /* OrderItemController.swift */; };
		236CFD8724AB96390052EA77 /* WelcomeViewController.swift in Sources */ = {isa = PBXBuildFile; fileRef = 236CFD8324AB96390052EA77 /* WelcomeViewController.swift */; };
		236CFD8824AB96390052EA77 /* BaseControllerViewController.swift in Sources */ = {isa = PBXBuildFile; fileRef = 236CFD8424AB96390052EA77 /* BaseControllerViewController.swift */; };
		236CFD9524AB966B0052EA77 /* Constants.swift in Sources */ = {isa = PBXBuildFile; fileRef = 236CFD8A24AB966B0052EA77 /* Constants.swift */; };
		236CFD9624AB966B0052EA77 /* Storage.swift in Sources */ = {isa = PBXBuildFile; fileRef = 236CFD8B24AB966B0052EA77 /* Storage.swift */; };
		236CFD9724AB966B0052EA77 /* Invoice.swift in Sources */ = {isa = PBXBuildFile; fileRef = 236CFD8C24AB966B0052EA77 /* Invoice.swift */; };
		236CFD9824AB966B0052EA77 /* Item.swift in Sources */ = {isa = PBXBuildFile; fileRef = 236CFD8D24AB966B0052EA77 /* Item.swift */; };
		236CFD9924AB966B0052EA77 /* Order.swift in Sources */ = {isa = PBXBuildFile; fileRef = 236CFD8E24AB966B0052EA77 /* Order.swift */; };
		236CFD9A24AB966B0052EA77 /* InvoiceItem.swift in Sources */ = {isa = PBXBuildFile; fileRef = 236CFD8F24AB966B0052EA77 /* InvoiceItem.swift */; };
		236CFD9B24AB966B0052EA77 /* User.swift in Sources */ = {isa = PBXBuildFile; fileRef = 236CFD9024AB966B0052EA77 /* User.swift */; };
		236CFD9C24AB966B0052EA77 /* Server.swift in Sources */ = {isa = PBXBuildFile; fileRef = 236CFD9124AB966B0052EA77 /* Server.swift */; };
		236CFD9D24AB966B0052EA77 /* OrderItem.swift in Sources */ = {isa = PBXBuildFile; fileRef = 236CFD9224AB966B0052EA77 /* OrderItem.swift */; };
		236CFD9E24AB966B0052EA77 /* Menu.swift in Sources */ = {isa = PBXBuildFile; fileRef = 236CFD9324AB966B0052EA77 /* Menu.swift */; };
		236CFD9F24AB966B0052EA77 /* Cart.swift in Sources */ = {isa = PBXBuildFile; fileRef = 236CFD9424AB966B0052EA77 /* Cart.swift */; };
		236CFDB024AB96950052EA77 /* UIFactory.swift in Sources */ = {isa = PBXBuildFile; fileRef = 236CFDA124AB96950052EA77 /* UIFactory.swift */; };
		236CFDB124AB96950052EA77 /* ItemView.swift in Sources */ = {isa = PBXBuildFile; fileRef = 236CFDA224AB96950052EA77 /* ItemView.swift */; };
		236CFDB224AB96950052EA77 /* InvoiceView.swift in Sources */ = {isa = PBXBuildFile; fileRef = 236CFDA324AB96950052EA77 /* InvoiceView.swift */; };
		236CFDB324AB96950052EA77 /* ItemCell.swift in Sources */ = {isa = PBXBuildFile; fileRef = 236CFDA424AB96950052EA77 /* ItemCell.swift */; };
		236CFDB424AB96950052EA77 /* AddressSelectionViewController.swift in Sources */ = {isa = PBXBuildFile; fileRef = 236CFDA524AB96950052EA77 /* AddressSelectionViewController.swift */; };
		236CFDB524AB96950052EA77 /* ImageLibrary.swift in Sources */ = {isa = PBXBuildFile; fileRef = 236CFDA624AB96950052EA77 /* ImageLibrary.swift */; };
		236CFDB724AB96950052EA77 /* Rating.swift in Sources */ = {isa = PBXBuildFile; fileRef = 236CFDA824AB96950052EA77 /* Rating.swift */; };
		236CFDB824AB96950052EA77 /* OrderItemView.swift in Sources */ = {isa = PBXBuildFile; fileRef = 236CFDA924AB96950052EA77 /* OrderItemView.swift */; };
		236CFDB924AB96950052EA77 /* InvoiceItemView.swift in Sources */ = {isa = PBXBuildFile; fileRef = 236CFDAA24AB96950052EA77 /* InvoiceItemView.swift */; };
		236CFDBA24AB96950052EA77 /* KeyboardTextView.swift in Sources */ = {isa = PBXBuildFile; fileRef = 236CFDAB24AB96950052EA77 /* KeyboardTextView.swift */; };
		236CFDBB24AB96950052EA77 /* Counter.swift in Sources */ = {isa = PBXBuildFile; fileRef = 236CFDAC24AB96950052EA77 /* Counter.swift */; };
		236CFDBC24AB96950052EA77 /* CartView.swift in Sources */ = {isa = PBXBuildFile; fileRef = 236CFDAD24AB96950052EA77 /* CartView.swift */; };
		236CFDBD24AB96950052EA77 /* MenuView.swift in Sources */ = {isa = PBXBuildFile; fileRef = 236CFDAE24AB96950052EA77 /* MenuView.swift */; };
		236CFDBE24AB96950052EA77 /* OrderView.swift in Sources */ = {isa = PBXBuildFile; fileRef = 236CFDAF24AB96950052EA77 /* OrderView.swift */; };
		236CFDC024AB971F0052EA77 /* Address.swift in Sources */ = {isa = PBXBuildFile; fileRef = 236CFDBF24AB971F0052EA77 /* Address.swift */; };
		236CFDC224AB98FB0052EA77 /* AddressView.swift in Sources */ = {isa = PBXBuildFile; fileRef = 236CFDC124AB98FB0052EA77 /* AddressView.swift */; };
		236CFDC424AB9C3E0052EA77 /* IndexedDictionary.swift in Sources */ = {isa = PBXBuildFile; fileRef = 236CFDC324AB9C3E0052EA77 /* IndexedDictionary.swift */; };
		236CFDC624AB9C460052EA77 /* JSONHelper.swift in Sources */ = {isa = PBXBuildFile; fileRef = 236CFDC524AB9C460052EA77 /* JSONHelper.swift */; };
		236CFDC924ABA09F0052EA77 /* SectionHeaderView.swift in Sources */ = {isa = PBXBuildFile; fileRef = 236CFDC724ABA09F0052EA77 /* SectionHeaderView.swift */; };
		236CFDCA24ABA09F0052EA77 /* SizedTableView.swift in Sources */ = {isa = PBXBuildFile; fileRef = 236CFDC824ABA09F0052EA77 /* SizedTableView.swift */; };
		236CFDCC24ABA0A90052EA77 /* AddressSelectionView.swift in Sources */ = {isa = PBXBuildFile; fileRef = 236CFDCB24ABA0A90052EA77 /* AddressSelectionView.swift */; };
		236CFDCF24ABA0D70052EA77 /* CollapsibleButton.swift in Sources */ = {isa = PBXBuildFile; fileRef = 236CFDCD24ABA0D70052EA77 /* CollapsibleButton.swift */; };
		236CFDD024ABA0D70052EA77 /* OpenItemOrderFormButton.swift in Sources */ = {isa = PBXBuildFile; fileRef = 236CFDCE24ABA0D70052EA77 /* OpenItemOrderFormButton.swift */; };
		236CFDD824ABA3E90052EA77 /* DeliveryController.swift in Sources */ = {isa = PBXBuildFile; fileRef = 236CFDD424ABA3E90052EA77 /* DeliveryController.swift */; };
		236CFDD924ABA3E90052EA77 /* PaymentController.swift in Sources */ = {isa = PBXBuildFile; fileRef = 236CFDD524ABA3E90052EA77 /* PaymentController.swift */; };
		236CFDDA24ABA3E90052EA77 /* Checkout.swift in Sources */ = {isa = PBXBuildFile; fileRef = 236CFDD624ABA3E90052EA77 /* Checkout.swift */; };
		236CFDDC24AC25060052EA77 /* GenericTableViewController.swift in Sources */ = {isa = PBXBuildFile; fileRef = 236CFDDB24AC25060052EA77 /* GenericTableViewController.swift */; };
		236CFDE224AC3B730052EA77 /* Tabular.swift in Sources */ = {isa = PBXBuildFile; fileRef = 236CFDE124AC3B730052EA77 /* Tabular.swift */; };
		236CFE0724ACF6670052EA77 /* TableCell.swift in Sources */ = {isa = PBXBuildFile; fileRef = 236CFE0624ACF6670052EA77 /* TableCell.swift */; };
		236CFE0924AD0E080052EA77 /* HasKeyProtocol.swift in Sources */ = {isa = PBXBuildFile; fileRef = 236CFE0824AD0E080052EA77 /* HasKeyProtocol.swift */; };
		236CFE0B24AD10490052EA77 /* BaseTabular.swift in Sources */ = {isa = PBXBuildFile; fileRef = 236CFE0A24AD10490052EA77 /* BaseTabular.swift */; };
		236CFE1524AD750B0052EA77 /* TestBaseTabular.swift in Sources */ = {isa = PBXBuildFile; fileRef = 236CFE1424AD750B0052EA77 /* TestBaseTabular.swift */; };
		236CFE1D24AD7D2D0052EA77 /* HasEmptyConstructor.swift in Sources */ = {isa = PBXBuildFile; fileRef = 236CFE1C24AD7D2C0052EA77 /* HasEmptyConstructor.swift */; };
		236CFE1F24ADF9390052EA77 /* ServerProtocol.swift in Sources */ = {isa = PBXBuildFile; fileRef = 236CFE1E24ADF9390052EA77 /* ServerProtocol.swift */; };
		236CFE2124ADFA1F0052EA77 /* ServerInfo.swift in Sources */ = {isa = PBXBuildFile; fileRef = 236CFE2024ADFA1F0052EA77 /* ServerInfo.swift */; };
		236CFE2324ADFF970052EA77 /* RandomStart.swift in Sources */ = {isa = PBXBuildFile; fileRef = 236CFE2224ADFF970052EA77 /* RandomStart.swift */; };
/* End PBXBuildFile section */

/* Begin PBXContainerItemProxy section */
		236CFE1724AD750B0052EA77 /* PBXContainerItemProxy */ = {
			isa = PBXContainerItemProxy;
			containerPortal = 236CFD5D24AB8F510052EA77 /* Project object */;
			proxyType = 1;
			remoteGlobalIDString = 236CFD6424AB8F510052EA77;
			remoteInfo = hiraafood;
		};
/* End PBXContainerItemProxy section */

/* Begin PBXFileReference section */
		236CFD6524AB8F510052EA77 /* hiraafood.app */ = {isa = PBXFileReference; explicitFileType = wrapper.application; includeInIndex = 0; path = hiraafood.app; sourceTree = BUILT_PRODUCTS_DIR; };
		236CFD6824AB8F510052EA77 /* AppDelegate.swift */ = {isa = PBXFileReference; lastKnownFileType = sourcecode.swift; path = AppDelegate.swift; sourceTree = "<group>"; };
		236CFD6A24AB8F510052EA77 /* SceneDelegate.swift */ = {isa = PBXFileReference; lastKnownFileType = sourcecode.swift; path = SceneDelegate.swift; sourceTree = "<group>"; };
		236CFD7124AB8F530052EA77 /* Assets.xcassets */ = {isa = PBXFileReference; lastKnownFileType = folder.assetcatalog; path = Assets.xcassets; sourceTree = "<group>"; };
		236CFD7424AB8F530052EA77 /* Base */ = {isa = PBXFileReference; lastKnownFileType = file.storyboard; name = Base; path = Base.lproj/LaunchScreen.storyboard; sourceTree = "<group>"; };
		236CFD7624AB8F530052EA77 /* Info.plist */ = {isa = PBXFileReference; lastKnownFileType = text.plist.xml; path = Info.plist; sourceTree = "<group>"; };
		236CFD7C24AB90B00052EA77 /* TestDataFactory.swift */ = {isa = PBXFileReference; fileEncoding = 4; lastKnownFileType = sourcecode.swift; path = TestDataFactory.swift; sourceTree = "<group>"; };
		236CFD7D24AB90B00052EA77 /* UIConstants.swift */ = {isa = PBXFileReference; fileEncoding = 4; lastKnownFileType = sourcecode.swift; path = UIConstants.swift; sourceTree = "<group>"; };
		236CFD8124AB96390052EA77 /* OrderPageController.swift */ = {isa = PBXFileReference; fileEncoding = 4; lastKnownFileType = sourcecode.swift; path = OrderPageController.swift; sourceTree = "<group>"; };
		236CFD8224AB96390052EA77 /* OrderItemController.swift */ = {isa = PBXFileReference; fileEncoding = 4; lastKnownFileType = sourcecode.swift; path = OrderItemController.swift; sourceTree = "<group>"; };
		236CFD8324AB96390052EA77 /* WelcomeViewController.swift */ = {isa = PBXFileReference; fileEncoding = 4; lastKnownFileType = sourcecode.swift; path = WelcomeViewController.swift; sourceTree = "<group>"; };
		236CFD8424AB96390052EA77 /* BaseControllerViewController.swift */ = {isa = PBXFileReference; fileEncoding = 4; lastKnownFileType = sourcecode.swift; path = BaseControllerViewController.swift; sourceTree = "<group>"; };
		236CFD8A24AB966B0052EA77 /* Constants.swift */ = {isa = PBXFileReference; fileEncoding = 4; lastKnownFileType = sourcecode.swift; path = Constants.swift; sourceTree = "<group>"; };
		236CFD8B24AB966B0052EA77 /* Storage.swift */ = {isa = PBXFileReference; fileEncoding = 4; lastKnownFileType = sourcecode.swift; path = Storage.swift; sourceTree = "<group>"; };
		236CFD8C24AB966B0052EA77 /* Invoice.swift */ = {isa = PBXFileReference; fileEncoding = 4; lastKnownFileType = sourcecode.swift; path = Invoice.swift; sourceTree = "<group>"; };
		236CFD8D24AB966B0052EA77 /* Item.swift */ = {isa = PBXFileReference; fileEncoding = 4; lastKnownFileType = sourcecode.swift; path = Item.swift; sourceTree = "<group>"; };
		236CFD8E24AB966B0052EA77 /* Order.swift */ = {isa = PBXFileReference; fileEncoding = 4; lastKnownFileType = sourcecode.swift; path = Order.swift; sourceTree = "<group>"; };
		236CFD8F24AB966B0052EA77 /* InvoiceItem.swift */ = {isa = PBXFileReference; fileEncoding = 4; lastKnownFileType = sourcecode.swift; path = InvoiceItem.swift; sourceTree = "<group>"; };
		236CFD9024AB966B0052EA77 /* User.swift */ = {isa = PBXFileReference; fileEncoding = 4; lastKnownFileType = sourcecode.swift; path = User.swift; sourceTree = "<group>"; };
		236CFD9124AB966B0052EA77 /* Server.swift */ = {isa = PBXFileReference; fileEncoding = 4; lastKnownFileType = sourcecode.swift; path = Server.swift; sourceTree = "<group>"; };
		236CFD9224AB966B0052EA77 /* OrderItem.swift */ = {isa = PBXFileReference; fileEncoding = 4; lastKnownFileType = sourcecode.swift; path = OrderItem.swift; sourceTree = "<group>"; };
		236CFD9324AB966B0052EA77 /* Menu.swift */ = {isa = PBXFileReference; fileEncoding = 4; lastKnownFileType = sourcecode.swift; path = Menu.swift; sourceTree = "<group>"; };
		236CFD9424AB966B0052EA77 /* Cart.swift */ = {isa = PBXFileReference; fileEncoding = 4; lastKnownFileType = sourcecode.swift; path = Cart.swift; sourceTree = "<group>"; };
		236CFDA124AB96950052EA77 /* UIFactory.swift */ = {isa = PBXFileReference; fileEncoding = 4; lastKnownFileType = sourcecode.swift; path = UIFactory.swift; sourceTree = "<group>"; };
		236CFDA224AB96950052EA77 /* ItemView.swift */ = {isa = PBXFileReference; fileEncoding = 4; lastKnownFileType = sourcecode.swift; path = ItemView.swift; sourceTree = "<group>"; };
		236CFDA324AB96950052EA77 /* InvoiceView.swift */ = {isa = PBXFileReference; fileEncoding = 4; lastKnownFileType = sourcecode.swift; path = InvoiceView.swift; sourceTree = "<group>"; };
		236CFDA424AB96950052EA77 /* ItemCell.swift */ = {isa = PBXFileReference; fileEncoding = 4; lastKnownFileType = sourcecode.swift; path = ItemCell.swift; sourceTree = "<group>"; };
		236CFDA524AB96950052EA77 /* AddressSelectionViewController.swift */ = {isa = PBXFileReference; fileEncoding = 4; lastKnownFileType = sourcecode.swift; path = AddressSelectionViewController.swift; sourceTree = "<group>"; };
		236CFDA624AB96950052EA77 /* ImageLibrary.swift */ = {isa = PBXFileReference; fileEncoding = 4; lastKnownFileType = sourcecode.swift; path = ImageLibrary.swift; sourceTree = "<group>"; };
		236CFDA824AB96950052EA77 /* Rating.swift */ = {isa = PBXFileReference; fileEncoding = 4; lastKnownFileType = sourcecode.swift; path = Rating.swift; sourceTree = "<group>"; };
		236CFDA924AB96950052EA77 /* OrderItemView.swift */ = {isa = PBXFileReference; fileEncoding = 4; lastKnownFileType = sourcecode.swift; path = OrderItemView.swift; sourceTree = "<group>"; };
		236CFDAA24AB96950052EA77 /* InvoiceItemView.swift */ = {isa = PBXFileReference; fileEncoding = 4; lastKnownFileType = sourcecode.swift; path = InvoiceItemView.swift; sourceTree = "<group>"; };
		236CFDAB24AB96950052EA77 /* KeyboardTextView.swift */ = {isa = PBXFileReference; fileEncoding = 4; lastKnownFileType = sourcecode.swift; path = KeyboardTextView.swift; sourceTree = "<group>"; };
		236CFDAC24AB96950052EA77 /* Counter.swift */ = {isa = PBXFileReference; fileEncoding = 4; lastKnownFileType = sourcecode.swift; path = Counter.swift; sourceTree = "<group>"; };
		236CFDAD24AB96950052EA77 /* CartView.swift */ = {isa = PBXFileReference; fileEncoding = 4; lastKnownFileType = sourcecode.swift; path = CartView.swift; sourceTree = "<group>"; };
		236CFDAE24AB96950052EA77 /* MenuView.swift */ = {isa = PBXFileReference; fileEncoding = 4; lastKnownFileType = sourcecode.swift; path = MenuView.swift; sourceTree = "<group>"; };
		236CFDAF24AB96950052EA77 /* OrderView.swift */ = {isa = PBXFileReference; fileEncoding = 4; lastKnownFileType = sourcecode.swift; path = OrderView.swift; sourceTree = "<group>"; };
		236CFDBF24AB971F0052EA77 /* Address.swift */ = {isa = PBXFileReference; fileEncoding = 4; lastKnownFileType = sourcecode.swift; path = Address.swift; sourceTree = "<group>"; };
		236CFDC124AB98FB0052EA77 /* AddressView.swift */ = {isa = PBXFileReference; fileEncoding = 4; lastKnownFileType = sourcecode.swift; path = AddressView.swift; sourceTree = "<group>"; };
		236CFDC324AB9C3E0052EA77 /* IndexedDictionary.swift */ = {isa = PBXFileReference; fileEncoding = 4; lastKnownFileType = sourcecode.swift; path = IndexedDictionary.swift; sourceTree = "<group>"; };
		236CFDC524AB9C460052EA77 /* JSONHelper.swift */ = {isa = PBXFileReference; fileEncoding = 4; lastKnownFileType = sourcecode.swift; path = JSONHelper.swift; sourceTree = "<group>"; };
		236CFDC724ABA09F0052EA77 /* SectionHeaderView.swift */ = {isa = PBXFileReference; fileEncoding = 4; lastKnownFileType = sourcecode.swift; path = SectionHeaderView.swift; sourceTree = "<group>"; };
		236CFDC824ABA09F0052EA77 /* SizedTableView.swift */ = {isa = PBXFileReference; fileEncoding = 4; lastKnownFileType = sourcecode.swift; path = SizedTableView.swift; sourceTree = "<group>"; };
		236CFDCB24ABA0A90052EA77 /* AddressSelectionView.swift */ = {isa = PBXFileReference; fileEncoding = 4; lastKnownFileType = sourcecode.swift; path = AddressSelectionView.swift; sourceTree = "<group>"; };
		236CFDCD24ABA0D70052EA77 /* CollapsibleButton.swift */ = {isa = PBXFileReference; fileEncoding = 4; lastKnownFileType = sourcecode.swift; path = CollapsibleButton.swift; sourceTree = "<group>"; };
		236CFDCE24ABA0D70052EA77 /* OpenItemOrderFormButton.swift */ = {isa = PBXFileReference; fileEncoding = 4; lastKnownFileType = sourcecode.swift; path = OpenItemOrderFormButton.swift; sourceTree = "<group>"; };
		236CFDD424ABA3E90052EA77 /* DeliveryController.swift */ = {isa = PBXFileReference; fileEncoding = 4; lastKnownFileType = sourcecode.swift; path = DeliveryController.swift; sourceTree = "<group>"; };
		236CFDD524ABA3E90052EA77 /* PaymentController.swift */ = {isa = PBXFileReference; fileEncoding = 4; lastKnownFileType = sourcecode.swift; path = PaymentController.swift; sourceTree = "<group>"; };
		236CFDD624ABA3E90052EA77 /* Checkout.swift */ = {isa = PBXFileReference; fileEncoding = 4; lastKnownFileType = sourcecode.swift; path = Checkout.swift; sourceTree = "<group>"; };
		236CFDDB24AC25060052EA77 /* GenericTableViewController.swift */ = {isa = PBXFileReference; lastKnownFileType = sourcecode.swift; path = GenericTableViewController.swift; sourceTree = "<group>"; };
		236CFDE124AC3B730052EA77 /* Tabular.swift */ = {isa = PBXFileReference; lastKnownFileType = sourcecode.swift; path = Tabular.swift; sourceTree = "<group>"; };
		236CFE0624ACF6670052EA77 /* TableCell.swift */ = {isa = PBXFileReference; lastKnownFileType = sourcecode.swift; path = TableCell.swift; sourceTree = "<group>"; };
		236CFE0824AD0E080052EA77 /* HasKeyProtocol.swift */ = {isa = PBXFileReference; lastKnownFileType = sourcecode.swift; path = HasKeyProtocol.swift; sourceTree = "<group>"; };
		236CFE0A24AD10490052EA77 /* BaseTabular.swift */ = {isa = PBXFileReference; lastKnownFileType = sourcecode.swift; path = BaseTabular.swift; sourceTree = "<group>"; };
		236CFE1224AD750B0052EA77 /* TestBaseTabular.xctest */ = {isa = PBXFileReference; explicitFileType = wrapper.cfbundle; includeInIndex = 0; path = TestBaseTabular.xctest; sourceTree = BUILT_PRODUCTS_DIR; };
		236CFE1424AD750B0052EA77 /* TestBaseTabular.swift */ = {isa = PBXFileReference; lastKnownFileType = sourcecode.swift; path = TestBaseTabular.swift; sourceTree = "<group>"; };
		236CFE1624AD750B0052EA77 /* Info.plist */ = {isa = PBXFileReference; lastKnownFileType = text.plist.xml; path = Info.plist; sourceTree = "<group>"; };
		236CFE1C24AD7D2C0052EA77 /* HasEmptyConstructor.swift */ = {isa = PBXFileReference; lastKnownFileType = sourcecode.swift; path = HasEmptyConstructor.swift; sourceTree = "<group>"; };
		236CFE1E24ADF9390052EA77 /* ServerProtocol.swift */ = {isa = PBXFileReference; lastKnownFileType = sourcecode.swift; path = ServerProtocol.swift; sourceTree = "<group>"; };
		236CFE2024ADFA1F0052EA77 /* ServerInfo.swift */ = {isa = PBXFileReference; lastKnownFileType = sourcecode.swift; path = ServerInfo.swift; sourceTree = "<group>"; };
		236CFE2224ADFF970052EA77 /* RandomStart.swift */ = {isa = PBXFileReference; lastKnownFileType = sourcecode.swift; path = RandomStart.swift; sourceTree = "<group>"; };
/* End PBXFileReference section */

/* Begin PBXFrameworksBuildPhase section */
		236CFD6224AB8F510052EA77 /* Frameworks */ = {
			isa = PBXFrameworksBuildPhase;
			buildActionMask = 2147483647;
			files = (
			);
			runOnlyForDeploymentPostprocessing = 0;
		};
		236CFE0F24AD750B0052EA77 /* Frameworks */ = {
			isa = PBXFrameworksBuildPhase;
			buildActionMask = 2147483647;
			files = (
			);
			runOnlyForDeploymentPostprocessing = 0;
		};
/* End PBXFrameworksBuildPhase section */

/* Begin PBXGroup section */
		236CFD5C24AB8F510052EA77 = {
			isa = PBXGroup;
			children = (
				236CFD6724AB8F510052EA77 /* hiraafood */,
				236CFE1324AD750B0052EA77 /* TestBaseTabular */,
				236CFD6624AB8F510052EA77 /* Products */,
			);
			sourceTree = "<group>";
		};
		236CFD6624AB8F510052EA77 /* Products */ = {
			isa = PBXGroup;
			children = (
				236CFD6524AB8F510052EA77 /* hiraafood.app */,
				236CFE1224AD750B0052EA77 /* TestBaseTabular.xctest */,
			);
			name = Products;
			sourceTree = "<group>";
		};
		236CFD6724AB8F510052EA77 /* hiraafood */ = {
			isa = PBXGroup;
			children = (
				236CFDA024AB96950052EA77 /* view */,
				236CFD8924AB966B0052EA77 /* model */,
				236CFD8024AB96390052EA77 /* controller */,
				236CFD7C24AB90B00052EA77 /* TestDataFactory.swift */,
				236CFE2224ADFF970052EA77 /* RandomStart.swift */,
				236CFD7D24AB90B00052EA77 /* UIConstants.swift */,
				236CFD6824AB8F510052EA77 /* AppDelegate.swift */,
				236CFD6A24AB8F510052EA77 /* SceneDelegate.swift */,
				236CFD7124AB8F530052EA77 /* Assets.xcassets */,
				236CFD7324AB8F530052EA77 /* LaunchScreen.storyboard */,
				236CFD7624AB8F530052EA77 /* Info.plist */,
			);
			path = hiraafood;
			sourceTree = "<group>";
		};
		236CFD8024AB96390052EA77 /* controller */ = {
			isa = PBXGroup;
			children = (
				236CFDD624ABA3E90052EA77 /* Checkout.swift */,
				236CFDD424ABA3E90052EA77 /* DeliveryController.swift */,
				236CFDD524ABA3E90052EA77 /* PaymentController.swift */,
				236CFD8124AB96390052EA77 /* OrderPageController.swift */,
				236CFD8224AB96390052EA77 /* OrderItemController.swift */,
				236CFD8324AB96390052EA77 /* WelcomeViewController.swift */,
				236CFD8424AB96390052EA77 /* BaseControllerViewController.swift */,
				236CFDDB24AC25060052EA77 /* GenericTableViewController.swift */,
			);
			path = controller;
			sourceTree = SOURCE_ROOT;
		};
		236CFD8924AB966B0052EA77 /* model */ = {
			isa = PBXGroup;
			children = (
				236CFDC524AB9C460052EA77 /* JSONHelper.swift */,
				236CFDC324AB9C3E0052EA77 /* IndexedDictionary.swift */,
				236CFDBF24AB971F0052EA77 /* Address.swift */,
				236CFD8A24AB966B0052EA77 /* Constants.swift */,
				236CFD8B24AB966B0052EA77 /* Storage.swift */,
				236CFD8C24AB966B0052EA77 /* Invoice.swift */,
				236CFD8D24AB966B0052EA77 /* Item.swift */,
				236CFD8E24AB966B0052EA77 /* Order.swift */,
				236CFD8F24AB966B0052EA77 /* InvoiceItem.swift */,
				236CFD9024AB966B0052EA77 /* User.swift */,
				236CFD9124AB966B0052EA77 /* Server.swift */,
				236CFD9224AB966B0052EA77 /* OrderItem.swift */,
				236CFD9324AB966B0052EA77 /* Menu.swift */,
				236CFD9424AB966B0052EA77 /* Cart.swift */,
				236CFDE124AC3B730052EA77 /* Tabular.swift */,
				236CFE0624ACF6670052EA77 /* TableCell.swift */,
				236CFE0824AD0E080052EA77 /* HasKeyProtocol.swift */,
				236CFE0A24AD10490052EA77 /* BaseTabular.swift */,
				236CFE1C24AD7D2C0052EA77 /* HasEmptyConstructor.swift */,
				236CFE1E24ADF9390052EA77 /* ServerProtocol.swift */,
				236CFE2024ADFA1F0052EA77 /* ServerInfo.swift */,
			);
			path = model;
			sourceTree = SOURCE_ROOT;
		};
		236CFDA024AB96950052EA77 /* view */ = {
			isa = PBXGroup;
			children = (
				236CFDCD24ABA0D70052EA77 /* CollapsibleButton.swift */,
				236CFDCE24ABA0D70052EA77 /* OpenItemOrderFormButton.swift */,
				236CFDCB24ABA0A90052EA77 /* AddressSelectionView.swift */,
				236CFDC724ABA09F0052EA77 /* SectionHeaderView.swift */,
				236CFDC824ABA09F0052EA77 /* SizedTableView.swift */,
				236CFDC124AB98FB0052EA77 /* AddressView.swift */,
				236CFDA124AB96950052EA77 /* UIFactory.swift */,
				236CFDA224AB96950052EA77 /* ItemView.swift */,
				236CFDA324AB96950052EA77 /* InvoiceView.swift */,
				236CFDA424AB96950052EA77 /* ItemCell.swift */,
				236CFDA524AB96950052EA77 /* AddressSelectionViewController.swift */,
				236CFDA624AB96950052EA77 /* ImageLibrary.swift */,
				236CFDA824AB96950052EA77 /* Rating.swift */,
				236CFDA924AB96950052EA77 /* OrderItemView.swift */,
				236CFDAA24AB96950052EA77 /* InvoiceItemView.swift */,
				236CFDAB24AB96950052EA77 /* KeyboardTextView.swift */,
				236CFDAC24AB96950052EA77 /* Counter.swift */,
				236CFDAD24AB96950052EA77 /* CartView.swift */,
				236CFDAE24AB96950052EA77 /* MenuView.swift */,
				236CFDAF24AB96950052EA77 /* OrderView.swift */,
			);
			path = view;
			sourceTree = SOURCE_ROOT;
		};
		236CFE1324AD750B0052EA77 /* TestBaseTabular */ = {
			isa = PBXGroup;
			children = (
				236CFE1424AD750B0052EA77 /* TestBaseTabular.swift */,
				236CFE1624AD750B0052EA77 /* Info.plist */,
			);
			path = TestBaseTabular;
			sourceTree = "<group>";
		};
/* End PBXGroup section */

/* Begin PBXNativeTarget section */
		236CFD6424AB8F510052EA77 /* hiraafood */ = {
			isa = PBXNativeTarget;
			buildConfigurationList = 236CFD7924AB8F530052EA77 /* Build configuration list for PBXNativeTarget "hiraafood" */;
			buildPhases = (
				236CFD6124AB8F510052EA77 /* Sources */,
				236CFD6224AB8F510052EA77 /* Frameworks */,
				236CFD6324AB8F510052EA77 /* Resources */,
			);
			buildRules = (
			);
			dependencies = (
			);
			name = hiraafood;
			productName = hiraafood;
			productReference = 236CFD6524AB8F510052EA77 /* hiraafood.app */;
			productType = "com.apple.product-type.application";
		};
		236CFE1124AD750B0052EA77 /* TestBaseTabular */ = {
			isa = PBXNativeTarget;
			buildConfigurationList = 236CFE1924AD750B0052EA77 /* Build configuration list for PBXNativeTarget "TestBaseTabular" */;
			buildPhases = (
				236CFE0E24AD750B0052EA77 /* Sources */,
				236CFE0F24AD750B0052EA77 /* Frameworks */,
				236CFE1024AD750B0052EA77 /* Resources */,
			);
			buildRules = (
			);
			dependencies = (
				236CFE1824AD750B0052EA77 /* PBXTargetDependency */,
			);
			name = TestBaseTabular;
			productName = TestBaseTabular;
			productReference = 236CFE1224AD750B0052EA77 /* TestBaseTabular.xctest */;
			productType = "com.apple.product-type.bundle.unit-test";
		};
/* End PBXNativeTarget section */

/* Begin PBXProject section */
		236CFD5D24AB8F510052EA77 /* Project object */ = {
			isa = PBXProject;
			attributes = {
				LastSwiftUpdateCheck = 1150;
				LastUpgradeCheck = 1150;
				ORGANIZATIONNAME = "Digital Artisan";
				TargetAttributes = {
					236CFD6424AB8F510052EA77 = {
						CreatedOnToolsVersion = 11.5;
						LastSwiftMigration = 1150;
					};
					236CFE1124AD750B0052EA77 = {
						CreatedOnToolsVersion = 11.5;
						TestTargetID = 236CFD6424AB8F510052EA77;
					};
				};
			};
			buildConfigurationList = 236CFD6024AB8F510052EA77 /* Build configuration list for PBXProject "hiraafood" */;
			compatibilityVersion = "Xcode 9.3";
			developmentRegion = en;
			hasScannedForEncodings = 0;
			knownRegions = (
				en,
				Base,
			);
			mainGroup = 236CFD5C24AB8F510052EA77;
			productRefGroup = 236CFD6624AB8F510052EA77 /* Products */;
			projectDirPath = "";
			projectRoot = "";
			targets = (
				236CFD6424AB8F510052EA77 /* hiraafood */,
				236CFE1124AD750B0052EA77 /* TestBaseTabular */,
			);
		};
/* End PBXProject section */

/* Begin PBXResourcesBuildPhase section */
		236CFD6324AB8F510052EA77 /* Resources */ = {
			isa = PBXResourcesBuildPhase;
			buildActionMask = 2147483647;
			files = (
				236CFD7524AB8F530052EA77 /* LaunchScreen.storyboard in Resources */,
				236CFD7224AB8F530052EA77 /* Assets.xcassets in Resources */,
			);
			runOnlyForDeploymentPostprocessing = 0;
		};
		236CFE1024AD750B0052EA77 /* Resources */ = {
			isa = PBXResourcesBuildPhase;
			buildActionMask = 2147483647;
			files = (
			);
			runOnlyForDeploymentPostprocessing = 0;
		};
/* End PBXResourcesBuildPhase section */

/* Begin PBXSourcesBuildPhase section */
		236CFD6124AB8F510052EA77 /* Sources */ = {
			isa = PBXSourcesBuildPhase;
			buildActionMask = 2147483647;
			files = (
				236CFD6924AB8F510052EA77 /* AppDelegate.swift in Sources */,
				236CFE2324ADFF970052EA77 /* RandomStart.swift in Sources */,
				236CFDCA24ABA09F0052EA77 /* SizedTableView.swift in Sources */,
				236CFD6B24AB8F510052EA77 /* SceneDelegate.swift in Sources */,
				236CFD9F24AB966B0052EA77 /* Cart.swift in Sources */,
				236CFE2124ADFA1F0052EA77 /* ServerInfo.swift in Sources */,
				236CFDBE24AB96950052EA77 /* OrderView.swift in Sources */,
				236CFD7E24AB90B00052EA77 /* TestDataFactory.swift in Sources */,
				236CFDC224AB98FB0052EA77 /* AddressView.swift in Sources */,
				236CFDB124AB96950052EA77 /* ItemView.swift in Sources */,
				236CFDB524AB96950052EA77 /* ImageLibrary.swift in Sources */,
				236CFDB024AB96950052EA77 /* UIFactory.swift in Sources */,
				236CFDBD24AB96950052EA77 /* MenuView.swift in Sources */,
				236CFDB224AB96950052EA77 /* InvoiceView.swift in Sources */,
				236CFD8524AB96390052EA77 /* OrderPageController.swift in Sources */,
				236CFD9824AB966B0052EA77 /* Item.swift in Sources */,
				236CFD7F24AB90B00052EA77 /* UIConstants.swift in Sources */,
				236CFDDA24ABA3E90052EA77 /* Checkout.swift in Sources */,
				236CFD9E24AB966B0052EA77 /* Menu.swift in Sources */,
				236CFDC424AB9C3E0052EA77 /* IndexedDictionary.swift in Sources */,
				236CFDB824AB96950052EA77 /* OrderItemView.swift in Sources */,
				236CFDC624AB9C460052EA77 /* JSONHelper.swift in Sources */,
				236CFDDC24AC25060052EA77 /* GenericTableViewController.swift in Sources */,
				236CFDD024ABA0D70052EA77 /* OpenItemOrderFormButton.swift in Sources */,
				236CFD8624AB96390052EA77 /* OrderItemController.swift in Sources */,
				236CFDBC24AB96950052EA77 /* CartView.swift in Sources */,
				236CFD8724AB96390052EA77 /* WelcomeViewController.swift in Sources */,
				236CFDD924ABA3E90052EA77 /* PaymentController.swift in Sources */,
				236CFDB424AB96950052EA77 /* AddressSelectionViewController.swift in Sources */,
				236CFE1D24AD7D2D0052EA77 /* HasEmptyConstructor.swift in Sources */,
				236CFD9B24AB966B0052EA77 /* User.swift in Sources */,
				236CFDD824ABA3E90052EA77 /* DeliveryController.swift in Sources */,
				236CFE0B24AD10490052EA77 /* BaseTabular.swift in Sources */,
				236CFDBB24AB96950052EA77 /* Counter.swift in Sources */,
				236CFE0724ACF6670052EA77 /* TableCell.swift in Sources */,
				236CFD8824AB96390052EA77 /* BaseControllerViewController.swift in Sources */,
				236CFDB324AB96950052EA77 /* ItemCell.swift in Sources */,
				236CFD9524AB966B0052EA77 /* Constants.swift in Sources */,
				236CFE1F24ADF9390052EA77 /* ServerProtocol.swift in Sources */,
				236CFD9924AB966B0052EA77 /* Order.swift in Sources */,
				236CFDE224AC3B730052EA77 /* Tabular.swift in Sources */,
				236CFDC924ABA09F0052EA77 /* SectionHeaderView.swift in Sources */,
				236CFD9624AB966B0052EA77 /* Storage.swift in Sources */,
				236CFD9A24AB966B0052EA77 /* InvoiceItem.swift in Sources */,
				236CFDCC24ABA0A90052EA77 /* AddressSelectionView.swift in Sources */,
				236CFDCF24ABA0D70052EA77 /* CollapsibleButton.swift in Sources */,
				236CFDBA24AB96950052EA77 /* KeyboardTextView.swift in Sources */,
				236CFD9C24AB966B0052EA77 /* Server.swift in Sources */,
				236CFDB724AB96950052EA77 /* Rating.swift in Sources */,
				236CFD9724AB966B0052EA77 /* Invoice.swift in Sources */,
				236CFD9D24AB966B0052EA77 /* OrderItem.swift in Sources */,
				236CFDB924AB96950052EA77 /* InvoiceItemView.swift in Sources */,
				236CFE0924AD0E080052EA77 /* HasKeyProtocol.swift in Sources */,
				236CFDC024AB971F0052EA77 /* Address.swift in Sources */,
			);
			runOnlyForDeploymentPostprocessing = 0;
		};
		236CFE0E24AD750B0052EA77 /* Sources */ = {
			isa = PBXSourcesBuildPhase;
			buildActionMask = 2147483647;
			files = (
				236CFE1524AD750B0052EA77 /* TestBaseTabular.swift in Sources */,
			);
			runOnlyForDeploymentPostprocessing = 0;
		};
/* End PBXSourcesBuildPhase section */

/* Begin PBXTargetDependency section */
		236CFE1824AD750B0052EA77 /* PBXTargetDependency */ = {
			isa = PBXTargetDependency;
			target = 236CFD6424AB8F510052EA77 /* hiraafood */;
			targetProxy = 236CFE1724AD750B0052EA77 /* PBXContainerItemProxy */;
		};
/* End PBXTargetDependency section */

/* Begin PBXVariantGroup section */
		236CFD7324AB8F530052EA77 /* LaunchScreen.storyboard */ = {
			isa = PBXVariantGroup;
			children = (
				236CFD7424AB8F530052EA77 /* Base */,
			);
			name = LaunchScreen.storyboard;
			sourceTree = "<group>";
		};
/* End PBXVariantGroup section */

/* Begin XCBuildConfiguration section */
		236CFD7724AB8F530052EA77 /* Debug */ = {
			isa = XCBuildConfiguration;
			buildSettings = {
				ALWAYS_SEARCH_USER_PATHS = NO;
				CLANG_ANALYZER_NONNULL = YES;
				CLANG_ANALYZER_NUMBER_OBJECT_CONVERSION = YES_AGGRESSIVE;
				CLANG_CXX_LANGUAGE_STANDARD = "gnu++14";
				CLANG_CXX_LIBRARY = "libc++";
				CLANG_ENABLE_MODULES = YES;
				CLANG_ENABLE_OBJC_ARC = YES;
				CLANG_ENABLE_OBJC_WEAK = YES;
				CLANG_WARN_BLOCK_CAPTURE_AUTORELEASING = YES;
				CLANG_WARN_BOOL_CONVERSION = YES;
				CLANG_WARN_COMMA = YES;
				CLANG_WARN_CONSTANT_CONVERSION = YES;
				CLANG_WARN_DEPRECATED_OBJC_IMPLEMENTATIONS = YES;
				CLANG_WARN_DIRECT_OBJC_ISA_USAGE = YES_ERROR;
				CLANG_WARN_DOCUMENTATION_COMMENTS = YES;
				CLANG_WARN_EMPTY_BODY = YES;
				CLANG_WARN_ENUM_CONVERSION = YES;
				CLANG_WARN_INFINITE_RECURSION = YES;
				CLANG_WARN_INT_CONVERSION = YES;
				CLANG_WARN_NON_LITERAL_NULL_CONVERSION = YES;
				CLANG_WARN_OBJC_IMPLICIT_RETAIN_SELF = YES;
				CLANG_WARN_OBJC_LITERAL_CONVERSION = YES;
				CLANG_WARN_OBJC_ROOT_CLASS = YES_ERROR;
				CLANG_WARN_RANGE_LOOP_ANALYSIS = YES;
				CLANG_WARN_STRICT_PROTOTYPES = YES;
				CLANG_WARN_SUSPICIOUS_MOVE = YES;
				CLANG_WARN_UNGUARDED_AVAILABILITY = YES_AGGRESSIVE;
				CLANG_WARN_UNREACHABLE_CODE = YES;
				CLANG_WARN__DUPLICATE_METHOD_MATCH = YES;
				COPY_PHASE_STRIP = NO;
				DEBUG_INFORMATION_FORMAT = dwarf;
				ENABLE_STRICT_OBJC_MSGSEND = YES;
				ENABLE_TESTABILITY = YES;
				GCC_C_LANGUAGE_STANDARD = gnu11;
				GCC_DYNAMIC_NO_PIC = NO;
				GCC_NO_COMMON_BLOCKS = YES;
				GCC_OPTIMIZATION_LEVEL = 0;
				GCC_PREPROCESSOR_DEFINITIONS = (
					"DEBUG=1",
					"$(inherited)",
				);
				GCC_WARN_64_TO_32_BIT_CONVERSION = YES;
				GCC_WARN_ABOUT_RETURN_TYPE = YES_ERROR;
				GCC_WARN_UNDECLARED_SELECTOR = YES;
				GCC_WARN_UNINITIALIZED_AUTOS = YES_AGGRESSIVE;
				GCC_WARN_UNUSED_FUNCTION = YES;
				GCC_WARN_UNUSED_VARIABLE = YES;
				IPHONEOS_DEPLOYMENT_TARGET = 13.5;
				MTL_ENABLE_DEBUG_INFO = INCLUDE_SOURCE;
				MTL_FAST_MATH = YES;
				ONLY_ACTIVE_ARCH = YES;
				SDKROOT = iphoneos;
				SWIFT_ACTIVE_COMPILATION_CONDITIONS = DEBUG;
				SWIFT_OPTIMIZATION_LEVEL = "-Onone";
			};
			name = Debug;
		};
		236CFD7824AB8F530052EA77 /* Release */ = {
			isa = XCBuildConfiguration;
			buildSettings = {
				ALWAYS_SEARCH_USER_PATHS = NO;
				CLANG_ANALYZER_NONNULL = YES;
				CLANG_ANALYZER_NUMBER_OBJECT_CONVERSION = YES_AGGRESSIVE;
				CLANG_CXX_LANGUAGE_STANDARD = "gnu++14";
				CLANG_CXX_LIBRARY = "libc++";
				CLANG_ENABLE_MODULES = YES;
				CLANG_ENABLE_OBJC_ARC = YES;
				CLANG_ENABLE_OBJC_WEAK = YES;
				CLANG_WARN_BLOCK_CAPTURE_AUTORELEASING = YES;
				CLANG_WARN_BOOL_CONVERSION = YES;
				CLANG_WARN_COMMA = YES;
				CLANG_WARN_CONSTANT_CONVERSION = YES;
				CLANG_WARN_DEPRECATED_OBJC_IMPLEMENTATIONS = YES;
				CLANG_WARN_DIRECT_OBJC_ISA_USAGE = YES_ERROR;
				CLANG_WARN_DOCUMENTATION_COMMENTS = YES;
				CLANG_WARN_EMPTY_BODY = YES;
				CLANG_WARN_ENUM_CONVERSION = YES;
				CLANG_WARN_INFINITE_RECURSION = YES;
				CLANG_WARN_INT_CONVERSION = YES;
				CLANG_WARN_NON_LITERAL_NULL_CONVERSION = YES;
				CLANG_WARN_OBJC_IMPLICIT_RETAIN_SELF = YES;
				CLANG_WARN_OBJC_LITERAL_CONVERSION = YES;
				CLANG_WARN_OBJC_ROOT_CLASS = YES_ERROR;
				CLANG_WARN_RANGE_LOOP_ANALYSIS = YES;
				CLANG_WARN_STRICT_PROTOTYPES = YES;
				CLANG_WARN_SUSPICIOUS_MOVE = YES;
				CLANG_WARN_UNGUARDED_AVAILABILITY = YES_AGGRESSIVE;
				CLANG_WARN_UNREACHABLE_CODE = YES;
				CLANG_WARN__DUPLICATE_METHOD_MATCH = YES;
				COPY_PHASE_STRIP = NO;
				DEBUG_INFORMATION_FORMAT = "dwarf-with-dsym";
				ENABLE_NS_ASSERTIONS = NO;
				ENABLE_STRICT_OBJC_MSGSEND = YES;
				GCC_C_LANGUAGE_STANDARD = gnu11;
				GCC_NO_COMMON_BLOCKS = YES;
				GCC_WARN_64_TO_32_BIT_CONVERSION = YES;
				GCC_WARN_ABOUT_RETURN_TYPE = YES_ERROR;
				GCC_WARN_UNDECLARED_SELECTOR = YES;
				GCC_WARN_UNINITIALIZED_AUTOS = YES_AGGRESSIVE;
				GCC_WARN_UNUSED_FUNCTION = YES;
				GCC_WARN_UNUSED_VARIABLE = YES;
				IPHONEOS_DEPLOYMENT_TARGET = 13.5;
				MTL_ENABLE_DEBUG_INFO = NO;
				MTL_FAST_MATH = YES;
				SDKROOT = iphoneos;
				SWIFT_COMPILATION_MODE = wholemodule;
				SWIFT_OPTIMIZATION_LEVEL = "-O";
				VALIDATE_PRODUCT = YES;
			};
			name = Release;
		};
		236CFD7A24AB8F530052EA77 /* Debug */ = {
			isa = XCBuildConfiguration;
			buildSettings = {
				ASSETCATALOG_COMPILER_APPICON_NAME = AppIcon;
				CLANG_ENABLE_MODULES = YES;
				CODE_SIGN_STYLE = Automatic;
				DEVELOPMENT_TEAM = 5BP4LR4639;
				INFOPLIST_FILE = hiraafood/Info.plist;
				LD_RUNPATH_SEARCH_PATHS = (
					"$(inherited)",
					"@executable_path/Frameworks",
				);
				PRODUCT_BUNDLE_IDENTIFIER = "digital-artisan.us.hiraafood";
				PRODUCT_NAME = "$(TARGET_NAME)";
				STRIP_INSTALLED_PRODUCT = NO;
				SWIFT_OPTIMIZATION_LEVEL = "-Onone";
				SWIFT_VERSION = 5.0;
				TARGETED_DEVICE_FAMILY = "1,2";
			};
			name = Debug;
		};
		236CFD7B24AB8F530052EA77 /* Release */ = {
			isa = XCBuildConfiguration;
			buildSettings = {
				ASSETCATALOG_COMPILER_APPICON_NAME = AppIcon;
				CLANG_ENABLE_MODULES = YES;
				CODE_SIGN_STYLE = Automatic;
				DEVELOPMENT_TEAM = 5BP4LR4639;
				INFOPLIST_FILE = hiraafood/Info.plist;
				LD_RUNPATH_SEARCH_PATHS = (
					"$(inherited)",
					"@executable_path/Frameworks",
				);
				PRODUCT_BUNDLE_IDENTIFIER = "digital-artisan.us.hiraafood";
				PRODUCT_NAME = "$(TARGET_NAME)";
				STRIP_INSTALLED_PRODUCT = NO;
				SWIFT_VERSION = 5.0;
				TARGETED_DEVICE_FAMILY = "1,2";
			};
			name = Release;
		};
		236CFE1A24AD750B0052EA77 /* Debug */ = {
			isa = XCBuildConfiguration;
			buildSettings = {
				BUNDLE_LOADER = "$(TEST_HOST)";
				CODE_SIGN_STYLE = Automatic;
				DEVELOPMENT_TEAM = 5BP4LR4639;
				INFOPLIST_FILE = TestBaseTabular/Info.plist;
				LD_RUNPATH_SEARCH_PATHS = (
					"$(inherited)",
					"@executable_path/Frameworks",
					"@loader_path/Frameworks",
				);
				PRODUCT_BUNDLE_IDENTIFIER = "digital-artisan.us.TestBaseTabular";
				PRODUCT_NAME = "$(TARGET_NAME)";
				SWIFT_VERSION = 5.0;
				TARGETED_DEVICE_FAMILY = "1,2";
				TEST_HOST = "$(BUILT_PRODUCTS_DIR)/hiraafood.app/hiraafood";
			};
			name = Debug;
		};
		236CFE1B24AD750B0052EA77 /* Release */ = {
			isa = XCBuildConfiguration;
			buildSettings = {
				BUNDLE_LOADER = "$(TEST_HOST)";
				CODE_SIGN_STYLE = Automatic;
				DEVELOPMENT_TEAM = 5BP4LR4639;
				INFOPLIST_FILE = TestBaseTabular/Info.plist;
				LD_RUNPATH_SEARCH_PATHS = (
					"$(inherited)",
					"@executable_path/Frameworks",
					"@loader_path/Frameworks",
				);
				PRODUCT_BUNDLE_IDENTIFIER = "digital-artisan.us.TestBaseTabular";
				PRODUCT_NAME = "$(TARGET_NAME)";
				SWIFT_VERSION = 5.0;
				TARGETED_DEVICE_FAMILY = "1,2";
				TEST_HOST = "$(BUILT_PRODUCTS_DIR)/hiraafood.app/hiraafood";
			};
			name = Release;
		};
/* End XCBuildConfiguration section */

/* Begin XCConfigurationList section */
		236CFD6024AB8F510052EA77 /* Build configuration list for PBXProject "hiraafood" */ = {
			isa = XCConfigurationList;
			buildConfigurations = (
				236CFD7724AB8F530052EA77 /* Debug */,
				236CFD7824AB8F530052EA77 /* Release */,
			);
			defaultConfigurationIsVisible = 0;
			defaultConfigurationName = Release;
		};
		236CFD7924AB8F530052EA77 /* Build configuration list for PBXNativeTarget "hiraafood" */ = {
			isa = XCConfigurationList;
			buildConfigurations = (
				236CFD7A24AB8F530052EA77 /* Debug */,
				236CFD7B24AB8F530052EA77 /* Release */,
			);
			defaultConfigurationIsVisible = 0;
			defaultConfigurationName = Release;
		};
		236CFE1924AD750B0052EA77 /* Build configuration list for PBXNativeTarget "TestBaseTabular" */ = {
			isa = XCConfigurationList;
			buildConfigurations = (
				236CFE1A24AD750B0052EA77 /* Debug */,
				236CFE1B24AD750B0052EA77 /* Release */,
			);
			defaultConfigurationIsVisible = 0;
			defaultConfigurationName = Release;
		};
/* End XCConfigurationList section */
	};
	rootObject = 236CFD5D24AB8F510052EA77 /* Project object */;
}
